{
  "name": "@veris-ai/veris-opencode",
  "version": "0.7.3",
  "lockfileVersion": 3,
  "requires": true,
  "packages": {
    "": {
      "name": "@veris-ai/veris-opencode",
      "version": "0.7.3",
      "license": "Apache-2.0",
      "dependencies": {
        "zod": "^4.1.8"
      },
      "engines": {
        "node": ">=20",
        "opencode": ">=1.18 <2"
      }
    },
    "node_modules/zod": {
      "version": "4.5.4",
      "resolved": "https://registry.npmjs.org/zod/-/zod-4.5.4.tgz",
      "integrity": "sha512-sC95tT5iHHH9gtpj6A81kh+NEaRAUFN+qlUPDUbRfOMvNf5QCBqsb3WgvnpVtK5Y+4UfA6KqufotuTvMGiTlsA==",
      "license": "MIT",
      "funding": {
        "url": "https://github.com/sponsors/colinhacks"
      }
    }
  }
}
